{
  "name": "elementor-snippets-by-themexplosion",
  "version": "1.0.3",
  "lockfileVersion": 3,
  "requires": true,
  "packages": {
    "": {
      "name": "elementor-snippets-by-themexplosion",
      "version": "1.0.3",
      "license": "GPLv3",
      "engines": {
        "vscode": "^1.72.0"
      }
    }
  }
}
